
Microsoft Visual Studio Solution File, Format Version 12.00
# Visual Studio 15
VisualStudioVersion = 15.0.27004.2009
MinimumVisualStudioVersion = 10.0.40219.1
Project("{FAE04EC0-301F-11D3-BF4B-00C04F79EFBC}") = "nanofromage", "nanofromage\nanofromage.csproj", "{B3509BE8-AB00-48EE-A651-68B85299F9EB}"
EndProject
Project("{FAE04EC0-301F-11D3-BF4B-00C04F79EFBC}") = "NanofromageLibrairy", "NanofromageLibrairy\NanofromageLibrairy.csproj", "{CCB67B20-4FAC-4B4A-BDD6-51C35E97D5C3}"
EndProject
Project("{FAE04EC0-301F-11D3-BF4B-00C04F79EFBC}") = "Database", "Database\Database.csproj", "{08403B17-1337-49EE-9D85-0F9DB5B26D78}"
EndProject
Project("{FAE04EC0-301F-11D3-BF4B-00C04F79EFBC}") = "LoggerUtil", "LoggerUtil\LoggerUtil.csproj", "{8D0D600C-EE91-419C-A17A-72DB33BC931C}"
EndProject
Project("{FAE04EC0-301F-11D3-BF4B-00C04F79EFBC}") = "WebService", "WebService\WebService.csproj", "{6C316FDE-44AF-4EB9-8860-F16A11998E26}"
EndProject
Global
	GlobalSection(SolutionConfigurationPlatforms) = preSolution
		Debug|Any CPU = Debug|Any CPU
		Release|Any CPU = Release|Any CPU
	EndGlobalSection
	GlobalSection(ProjectConfigurationPlatforms) = postSolution
		{B3509BE8-AB00-48EE-A651-68B85299F9EB}.Debug|Any CPU.ActiveCfg = Debug|Any CPU
		{B3509BE8-AB00-48EE-A651-68B85299F9EB}.Debug|Any CPU.Build.0 = Debug|Any CPU
		{B3509BE8-AB00-48EE-A651-68B85299F9EB}.Release|Any CPU.ActiveCfg = Release|Any CPU
		{B3509BE8-AB00-48EE-A651-68B85299F9EB}.Release|Any CPU.Build.0 = Release|Any CPU
		{CCB67B20-4FAC-4B4A-BDD6-51C35E97D5C3}.Debug|Any CPU.ActiveCfg = Debug|Any CPU
		{CCB67B20-4FAC-4B4A-BDD6-51C35E97D5C3}.Debug|Any CPU.Build.0 = Debug|Any CPU
		{CCB67B20-4FAC-4B4A-BDD6-51C35E97D5C3}.Release|Any CPU.ActiveCfg = Release|Any CPU
		{CCB67B20-4FAC-4B4A-BDD6-51C35E97D5C3}.Release|Any CPU.Build.0 = Release|Any CPU
		{08403B17-1337-49EE-9D85-0F9DB5B26D78}.Debug|Any CPU.ActiveCfg = Debug|Any CPU
		{08403B17-1337-49EE-9D85-0F9DB5B26D78}.Debug|Any CPU.Build.0 = Debug|Any CPU
		{08403B17-1337-49EE-9D85-0F9DB5B26D78}.Release|Any CPU.ActiveCfg = Release|Any CPU
		{08403B17-1337-49EE-9D85-0F9DB5B26D78}.Release|Any CPU.Build.0 = Release|Any CPU
		{8D0D600C-EE91-419C-A17A-72DB33BC931C}.Debug|Any CPU.ActiveCfg = Debug|Any CPU
		{8D0D600C-EE91-419C-A17A-72DB33BC931C}.Debug|Any CPU.Build.0 = Debug|Any CPU
		{8D0D600C-EE91-419C-A17A-72DB33BC931C}.Release|Any CPU.ActiveCfg = Release|Any CPU
		{8D0D600C-EE91-419C-A17A-72DB33BC931C}.Release|Any CPU.Build.0 = Release|Any CPU
		{6C316FDE-44AF-4EB9-8860-F16A11998E26}.Debug|Any CPU.ActiveCfg = Debug|Any CPU
		{6C316FDE-44AF-4EB9-8860-F16A11998E26}.Debug|Any CPU.Build.0 = Debug|Any CPU
		{6C316FDE-44AF-4EB9-8860-F16A11998E26}.Release|Any CPU.ActiveCfg = Release|Any CPU
		{6C316FDE-44AF-4EB9-8860-F16A11998E26}.Release|Any CPU.Build.0 = Release|Any CPU
	EndGlobalSection
	GlobalSection(SolutionProperties) = preSolution
		HideSolutionNode = FALSE
	EndGlobalSection
	GlobalSection(ExtensibilityGlobals) = postSolution
		SolutionGuid = {9C3FE461-CFA3-4C4C-83E4-3B645FAD39E8}
	EndGlobalSection
EndGlobal
